
Microsoft Visual Studio Solution File, Format Version 12.00
# Visual Studio Version 17
VisualStudioVersion = 17.6.33829.357
MinimumVisualStudioVersion = 10.0.40219.1
Project("{FAE04EC0-301F-11D3-BF4B-00C04F79EFBC}") = "SoapCore.WebService.NetCore", "SoapCore.WebService.NetCore\SoapCore.WebService.NetCore.csproj", "{3A194490-F80A-49D3-BD1B-D73578BCF78C}"
EndProject
Project("{FAE04EC0-301F-11D3-BF4B-00C04F79EFBC}") = "SoapCore.Client", "SoapCore.Client\SoapCore.Client.csproj", "{F0C3237C-062C-4F95-BB91-45BC621A2B58}"
EndProject
Project("{FAE04EC0-301F-11D3-BF4B-00C04F79EFBC}") = "SoapCore.Core", "SoapCore.Core\SoapCore.Core.csproj", "{68EA8632-964A-4DB9-A7D9-7B55D052F85E}"
EndProject
Global
	GlobalSection(SolutionConfigurationPlatforms) = preSolution
		Debug|Any CPU = Debug|Any CPU
		Release|Any CPU = Release|Any CPU
	EndGlobalSection
	GlobalSection(ProjectConfigurationPlatforms) = postSolution
		{3A194490-F80A-49D3-BD1B-D73578BCF78C}.Debug|Any CPU.ActiveCfg = Debug|Any CPU
		{3A194490-F80A-49D3-BD1B-D73578BCF78C}.Debug|Any CPU.Build.0 = Debug|Any CPU
		{3A194490-F80A-49D3-BD1B-D73578BCF78C}.Release|Any CPU.ActiveCfg = Release|Any CPU
		{3A194490-F80A-49D3-BD1B-D73578BCF78C}.Release|Any CPU.Build.0 = Release|Any CPU
		{F0C3237C-062C-4F95-BB91-45BC621A2B58}.Debug|Any CPU.ActiveCfg = Debug|Any CPU
		{F0C3237C-062C-4F95-BB91-45BC621A2B58}.Debug|Any CPU.Build.0 = Debug|Any CPU
		{F0C3237C-062C-4F95-BB91-45BC621A2B58}.Release|Any CPU.ActiveCfg = Release|Any CPU
		{F0C3237C-062C-4F95-BB91-45BC621A2B58}.Release|Any CPU.Build.0 = Release|Any CPU
		{68EA8632-964A-4DB9-A7D9-7B55D052F85E}.Debug|Any CPU.ActiveCfg = Debug|Any CPU
		{68EA8632-964A-4DB9-A7D9-7B55D052F85E}.Debug|Any CPU.Build.0 = Debug|Any CPU
		{68EA8632-964A-4DB9-A7D9-7B55D052F85E}.Release|Any CPU.ActiveCfg = Release|Any CPU
		{68EA8632-964A-4DB9-A7D9-7B55D052F85E}.Release|Any CPU.Build.0 = Release|Any CPU
	EndGlobalSection
	GlobalSection(SolutionProperties) = preSolution
		HideSolutionNode = FALSE
	EndGlobalSection
	GlobalSection(ExtensibilityGlobals) = postSolution
		SolutionGuid = {FCED30A3-BBC6-4C94-9126-C59AF85E0ECE}
	EndGlobalSection
EndGlobal
